# This file is automatically @generated by Cargo.
# It is not intended for manual editing.
version = 4

[[package]]
name = "a2s"
version = "0.0.1"
dependencies = [
 "gsp-sniffer-abi",
]

[[package]]
name = "gsp-sniffer-abi"
version = "0.0.1"

[[package]]
name = "minecraft"
version = "0.0.1"
dependencies = [
 "gsp-sniffer-abi",
]

[[package]]
name = "quic"
version = "0.0.1"
dependencies = [
 "gsp-sniffer-abi",
]

[[package]]
name = "regex-firstbytes"
version = "0.0.1"
dependencies = [
 "gsp-sniffer-abi",
]

[[package]]
name = "wireguard"
version = "0.0.1"
dependencies = [
 "gsp-sniffer-abi",
]
